{
  "name": "lol-hanip",
  "version": "0.1.0",
  "lockfileVersion": 3,
  "requires": true,
  "packages": {
    "": {
      "name": "lol-hanip",
      "version": "0.1.0",
      "dependencies": {
        "@seed-design/css": "2.8.1"
      },
      "engines": {
        "node": ">=22"
      }
    },
    "node_modules/@seed-design/css": {
      "version": "2.8.1",
      "resolved": "https://registry.npmjs.org/@seed-design/css/-/css-2.8.1.tgz",
      "integrity": "sha512-o05vjz929ra1DvVMf8Dg/WcxGaM/9Zumg6RG/wvO0aPfMb0nYoO8G8YhHFvQLfe4Lqu0dXxg+Qzd/SabNlpUDA==",
      "license": "Apache-2.0"
    }
  }
}
